// !$*UTF8*$!
{
	archiveVersion = 1;
	classes = {
	};
	objectVersion = 46;
	objects = {

/* Begin PBXBuildFile section */
		2700350A1E902984008A0C0A /* AppDelegate.swift in Sources */ = {isa = PBXBuildFile; fileRef = 270035091E902984008A0C0A /* AppDelegate.swift */; };
		2700350F1E902984008A0C0A /* Main.storyboard in Resources */ = {isa = PBXBuildFile; fileRef = 2700350D1E902984008A0C0A /* Main.storyboard */; };
		270035111E902984008A0C0A /* Assets.xcassets in Resources */ = {isa = PBXBuildFile; fileRef = 270035101E902984008A0C0A /* Assets.xcassets */; };
		270035141E902984008A0C0A /* LaunchScreen.storyboard in Resources */ = {isa = PBXBuildFile; fileRef = 270035121E902984008A0C0A /* LaunchScreen.storyboard */; };
		2700351C1E902AA7008A0C0A /* FlicksViewController.swift in Sources */ = {isa = PBXBuildFile; fileRef = 2700351B1E902AA7008A0C0A /* FlicksViewController.swift */; };
		272421161E90353900BE8334 /* MovieCell.swift in Sources */ = {isa = PBXBuildFile; fileRef = 272421151E90353900BE8334 /* MovieCell.swift */; };
		2762B7F41E9049DE00FE9E50 /* MovieDetailsViewController.swift in Sources */ = {isa = PBXBuildFile; fileRef = 2762B7F31E9049DE00FE9E50 /* MovieDetailsViewController.swift */; };
		27A9874C1E907B0D00DCF55D /* Movie.swift in Sources */ = {isa = PBXBuildFile; fileRef = 27A9874B1E907B0D00DCF55D /* Movie.swift */; };
		B42E5EE9E8703B4EB43BCE7B /* Pods_Flicks.framework in Frameworks */ = {isa = PBXBuildFile; fileRef = 68E8E66903D4EF3BCB648179 /* Pods_Flicks.framework */; };
/* End PBXBuildFile section */

/* Begin PBXFileReference section */
		11C7C1BE46C034F3FE541584 /* Pods-Flicks.debug.xcconfig */ = {isa = PBXFileReference; includeInIndex = 1; lastKnownFileType = text.xcconfig; name = "Pods-Flicks.debug.xcconfig"; path = "Pods/Target Support Files/Pods-Flicks/Pods-Flicks.debug.xcconfig"; sourceTree = "<group>"; };
		270035061E902984008A0C0A /* Flicks.app */ = {isa = PBXFileReference; explicitFileType = wrapper.application; includeInIndex = 0; path = Flicks.app; sourceTree = BUILT_PRODUCTS_DIR; };
		270035091E902984008A0C0A /* AppDelegate.swift */ = {isa = PBXFileReference; lastKnownFileType = sourcecode.swift; path = AppDelegate.swift; sourceTree = "<group>"; };
		2700350E1E902984008A0C0A /* Base */ = {isa = PBXFileReference; lastKnownFileType = file.storyboard; name = Base; path = Base.lproj/Main.storyboard; sourceTree = "<group>"; };
		270035101E902984008A0C0A /* Assets.xcassets */ = {isa = PBXFileReference; lastKnownFileType = folder.assetcatalog; path = Assets.xcassets; sourceTree = "<group>"; };
		270035131E902984008A0C0A /* Base */ = {isa = PBXFileReference; lastKnownFileType = file.storyboard; name = Base; path = Base.lproj/LaunchScreen.storyboard; sourceTree = "<group>"; };
		270035151E902984008A0C0A /* Info.plist */ = {isa = PBXFileReference; lastKnownFileType = text.plist.xml; path = Info.plist; sourceTree = "<group>"; };
		2700351B1E902AA7008A0C0A /* FlicksViewController.swift */ = {isa = PBXFileReference; fileEncoding = 4; lastKnownFileType = sourcecode.swift; path = FlicksViewController.swift; sourceTree = "<group>"; };
		272421151E90353900BE8334 /* MovieCell.swift */ = {isa = PBXFileReference; fileEncoding = 4; lastKnownFileType = sourcecode.swift; path = MovieCell.swift; sourceTree = "<group>"; };
		2762B7F31E9049DE00FE9E50 /* MovieDetailsViewController.swift */ = {isa = PBXFileReference; fileEncoding = 4; lastKnownFileType = sourcecode.swift; path = MovieDetailsViewController.swift; sourceTree = "<group>"; };
		27A9874B1E907B0D00DCF55D /* Movie.swift */ = {isa = PBXFileReference; fileEncoding = 4; lastKnownFileType = sourcecode.swift; path = Movie.swift; sourceTree = "<group>"; };
		68E8E66903D4EF3BCB648179 /* Pods_Flicks.framework */ = {isa = PBXFileReference; explicitFileType = wrapper.framework; includeInIndex = 0; path = Pods_Flicks.framework; sourceTree = BUILT_PRODUCTS_DIR; };
		7635DD6465982C8A7E3B8A86 /* Pods-Flicks.release.xcconfig */ = {isa = PBXFileReference; includeInIndex = 1; lastKnownFileType = text.xcconfig; name = "Pods-Flicks.release.xcconfig"; path = "Pods/Target Support Files/Pods-Flicks/Pods-Flicks.release.xcconfig"; sourceTree = "<group>"; };
/* End PBXFileReference section */

/* Begin PBXFrameworksBuildPhase section */
		270035031E902984008A0C0A /* Frameworks */ = {
			isa = PBXFrameworksBuildPhase;
			buildActionMask = 2147483647;
			files = (
				B42E5EE9E8703B4EB43BCE7B /* Pods_Flicks.framework in Frameworks */,
			);
			runOnlyForDeploymentPostprocessing = 0;
		};
/* End PBXFrameworksBuildPhase section */

/* Begin PBXGroup section */
		270034FD1E902984008A0C0A = {
			isa = PBXGroup;
			children = (
				270035081E902984008A0C0A /* Flicks */,
				270035071E902984008A0C0A /* Products */,
				BEAD1147C0F8DB6914970AAF /* Pods */,
				5DD05B3F8F4BB400325FE5D9 /* Frameworks */,
			);
			sourceTree = "<group>";
		};
		270035071E902984008A0C0A /* Products */ = {
			isa = PBXGroup;
			children = (
				270035061E902984008A0C0A /* Flicks.app */,
			);
			name = Products;
			sourceTree = "<group>";
		};
		270035081E902984008A0C0A /* Flicks */ = {
			isa = PBXGroup;
			children = (
				27A9874D1E90866A00DCF55D /* ViewController */,
				27A9874A1E907AF400DCF55D /* Model */,
				270035091E902984008A0C0A /* AppDelegate.swift */,
				2700350D1E902984008A0C0A /* Main.storyboard */,
				270035101E902984008A0C0A /* Assets.xcassets */,
				270035121E902984008A0C0A /* LaunchScreen.storyboard */,
				270035151E902984008A0C0A /* Info.plist */,
				272421151E90353900BE8334 /* MovieCell.swift */,
			);
			path = Flicks;
			sourceTree = "<group>";
		};
		27A9874A1E907AF400DCF55D /* Model */ = {
			isa = PBXGroup;
			children = (
				27A9874B1E907B0D00DCF55D /* Movie.swift */,
			);
			name = Model;
			sourceTree = "<group>";
		};
		27A9874D1E90866A00DCF55D /* ViewController */ = {
			isa = PBXGroup;
			children = (
				2700351B1E902AA7008A0C0A /* FlicksViewController.swift */,
				2762B7F31E9049DE00FE9E50 /* MovieDetailsViewController.swift */,
			);
			name = ViewController;
			sourceTree = "<group>";
		};
		5DD05B3F8F4BB400325FE5D9 /* Frameworks */ = {
			isa = PBXGroup;
			children = (
				68E8E66903D4EF3BCB648179 /* Pods_Flicks.framework */,
			);
			name = Frameworks;
			sourceTree = "<group>";
		};
		BEAD1147C0F8DB6914970AAF /* Pods */ = {
			isa = PBXGroup;
			children = (
				11C7C1BE46C034F3FE541584 /* Pods-Flicks.debug.xcconfig */,
				7635DD6465982C8A7E3B8A86 /* Pods-Flicks.release.xcconfig */,
			);
			name = Pods;
			sourceTree = "<group>";
		};
/* End PBXGroup section */

/* Begin PBXNativeTarget section */
		270035051E902984008A0C0A /* Flicks */ = {
			isa = PBXNativeTarget;
			buildConfigurationList = 270035181E902984008A0C0A /* Build configuration list for PBXNativeTarget "Flicks" */;
			buildPhases = (
				B7D3978277FFF0257E4A4FE7 /* [CP] Check Pods Manifest.lock */,
				270035021E902984008A0C0A /* Sources */,
				270035031E902984008A0C0A /* Frameworks */,
				270035041E902984008A0C0A /* Resources */,
				DE9A27B2C02E6D338A46E116 /* [CP] Embed Pods Frameworks */,
				43A4FA76D2834A280B86C4A2 /* [CP] Copy Pods Resources */,
			);
			buildRules = (
			);
			dependencies = (
			);
			name = Flicks;
			productName = Flicks;
			productReference = 270035061E902984008A0C0A /* Flicks.app */;
			productType = "com.apple.product-type.application";
		};
/* End PBXNativeTarget section */

/* Begin PBXProject section */
		270034FE1E902984008A0C0A /* Project object */ = {
			isa = PBXProject;
			attributes = {
				LastSwiftUpdateCheck = 0830;
				LastUpgradeCheck = 0830;
				ORGANIZATIONNAME = "Luis Rocha";
				TargetAttributes = {
					270035051E902984008A0C0A = {
						CreatedOnToolsVersion = 8.3;
						ProvisioningStyle = Automatic;
					};
				};
			};
			buildConfigurationList = 270035011E902984008A0C0A /* Build configuration list for PBXProject "Flicks" */;
			compatibilityVersion = "Xcode 3.2";
			developmentRegion = English;
			hasScannedForEncodings = 0;
			knownRegions = (
				en,
				Base,
			);
			mainGroup = 270034FD1E902984008A0C0A;
			productRefGroup = 270035071E902984008A0C0A /* Products */;
			projectDirPath = "";
			projectRoot = "";
			targets = (
				270035051E902984008A0C0A /* Flicks */,
			);
		};
/* End PBXProject section */

/* Begin PBXResourcesBuildPhase section */
		270035041E902984008A0C0A /* Resources */ = {
			isa = PBXResourcesBuildPhase;
			buildActionMask = 2147483647;
			files = (
				270035141E902984008A0C0A /* LaunchScreen.storyboard in Resources */,
				270035111E902984008A0C0A /* Assets.xcassets in Resources */,
				2700350F1E902984008A0C0A /* Main.storyboard in Resources */,
			);
			runOnlyForDeploymentPostprocessing = 0;
		};
/* End PBXResourcesBuildPhase section */

/* Begin PBXShellScriptBuildPhase section */
		43A4FA76D2834A280B86C4A2 /* [CP] Copy Pods Resources */ = {
			isa = PBXShellScriptBuildPhase;
			buildActionMask = 2147483647;
			files = (
			);
			inputPaths = (
			);
			name = "[CP] Copy Pods Resources";
			outputPaths = (
			);
			runOnlyForDeploymentPostprocessing = 0;
			shellPath = /bin/sh;
			shellScript = "\"${SRCROOT}/Pods/Target Support Files/Pods-Flicks/Pods-Flicks-resources.sh\"\n";
			showEnvVarsInLog = 0;
		};
		B7D3978277FFF0257E4A4FE7 /* [CP] Check Pods Manifest.lock */ = {
			isa = PBXShellScriptBuildPhase;
			buildActionMask = 2147483647;
			files = (
			);
			inputPaths = (
			);
			name = "[CP] Check Pods Manifest.lock";
			outputPaths = (
			);
			runOnlyForDeploymentPostprocessing = 0;
			shellPath = /bin/sh;
			shellScript = "diff \"${PODS_ROOT}/../Podfile.lock\" \"${PODS_ROOT}/Manifest.lock\" > /dev/null\nif [ $? != 0 ] ; then\n    # print error to STDERR\n    echo \"error: The sandbox is not in sync with the Podfile.lock. Run 'pod install' or update your CocoaPods installation.\" >&2\n    exit 1\nfi\n";
			showEnvVarsInLog = 0;
		};
		DE9A27B2C02E6D338A46E116 /* [CP] Embed Pods Frameworks */ = {
			isa = PBXShellScriptBuildPhase;
			buildActionMask = 2147483647;
			files = (
			);
			inputPaths = (
			);
			name = "[CP] Embed Pods Frameworks";
			outputPaths = (
			);
			runOnlyForDeploymentPostprocessing = 0;
			shellPath = /bin/sh;
			shellScript = "\"${SRCROOT}/Pods/Target Support Files/Pods-Flicks/Pods-Flicks-frameworks.sh\"\n";
			showEnvVarsInLog = 0;
		};
/* End PBXShellScriptBuildPhase section */

/* Begin PBXSourcesBuildPhase section */
		270035021E902984008A0C0A /* Sources */ = {
			isa = PBXSourcesBuildPhase;
			buildActionMask = 2147483647;
			files = (
				2762B7F41E9049DE00FE9E50 /* MovieDetailsViewController.swift in Sources */,
				2700351C1E902AA7008A0C0A /* FlicksViewController.swift in Sources */,
				2700350A1E902984008A0C0A /* AppDelegate.swift in Sources */,
				272421161E90353900BE8334 /* MovieCell.swift in Sources */,
				27A9874C1E907B0D00DCF55D /* Movie.swift in Sources */,
			);
			runOnlyForDeploymentPostprocessing = 0;
		};
/* End PBXSourcesBuildPhase section */

/* Begin PBXVariantGroup section */
		2700350D1E902984008A0C0A /* Main.storyboard */ = {
			isa = PBXVariantGroup;
			children = (
				2700350E1E902984008A0C0A /* Base */,
			);
			name = Main.storyboard;
			sourceTree = "<group>";
		};
		270035121E902984008A0C0A /* LaunchScreen.storyboard */ = {
			isa = PBXVariantGroup;
			children = (
				270035131E902984008A0C0A /* Base */,
			);
			name = LaunchScreen.storyboard;
			sourceTree = "<group>";
		};
/* End PBXVariantGroup section */

/* Begin XCBuildConfiguration section */
		270035161E902984008A0C0A /* Debug */ = {
			isa = XCBuildConfiguration;
			buildSettings = {
				ALWAYS_SEARCH_USER_PATHS = NO;
				CLANG_ANALYZER_NONNULL = YES;
				CLANG_ANALYZER_NUMBER_OBJECT_CONVERSION = YES_AGGRESSIVE;
				CLANG_CXX_LANGUAGE_STANDARD = "gnu++0x";
				CLANG_CXX_LIBRARY = "libc++";
				CLANG_ENABLE_MODULES = YES;
				CLANG_ENABLE_OBJC_ARC = YES;
				CLANG_WARN_BOOL_CONVERSION = YES;
				CLANG_WARN_CONSTANT_CONVERSION = YES;
				CLANG_WARN_DIRECT_OBJC_ISA_USAGE = YES_ERROR;
				CLANG_WARN_DOCUMENTATION_COMMENTS = YES;
				CLANG_WARN_EMPTY_BODY = YES;
				CLANG_WARN_ENUM_CONVERSION = YES;
				CLANG_WARN_INFINITE_RECURSION = YES;
				CLANG_WARN_INT_CONVERSION = YES;
				CLANG_WARN_OBJC_ROOT_CLASS = YES_ERROR;
				CLANG_WARN_SUSPICIOUS_MOVE = YES;
				CLANG_WARN_UNREACHABLE_CODE = YES;
				CLANG_WARN__DUPLICATE_METHOD_MATCH = YES;
				"CODE_SIGN_IDENTITY[sdk=iphoneos*]" = "iPhone Developer";
				COPY_PHASE_STRIP = NO;
				DEBUG_INFORMATION_FORMAT = dwarf;
				ENABLE_STRICT_OBJC_MSGSEND = YES;
				ENABLE_TESTABILITY = YES;
				GCC_C_LANGUAGE_STANDARD = gnu99;
				GCC_DYNAMIC_NO_PIC = NO;
				GCC_NO_COMMON_BLOCKS = YES;
				GCC_OPTIMIZATION_LEVEL = 0;
				GCC_PREPROCESSOR_DEFINITIONS = (
					"DEBUG=1",
					"$(inherited)",
				);
				GCC_WARN_64_TO_32_BIT_CONVERSION = YES;
				GCC_WARN_ABOUT_RETURN_TYPE = YES_ERROR;
				GCC_WARN_UNDECLARED_SELECTOR = YES;
				GCC_WARN_UNINITIALIZED_AUTOS = YES_AGGRESSIVE;
				GCC_WARN_UNUSED_FUNCTION = YES;
				GCC_WARN_UNUSED_VARIABLE = YES;
				IPHONEOS_DEPLOYMENT_TARGET = 10.3;
				MTL_ENABLE_DEBUG_INFO = YES;
				ONLY_ACTIVE_ARCH = YES;
				SDKROOT = iphoneos;
				SWIFT_ACTIVE_COMPILATION_CONDITIONS = DEBUG;
				SWIFT_OPTIMIZATION_LEVEL = "-Onone";
				TARGETED_DEVICE_FAMILY = "1,2";
			};
			name = Debug;
		};
		270035171E902984008A0C0A /* Release */ = {
			isa = XCBuildConfiguration;
			buildSettings = {
				ALWAYS_SEARCH_USER_PATHS = NO;
				CLANG_ANALYZER_NONNULL = YES;
				CLANG_ANALYZER_NUMBER_OBJECT_CONVERSION = YES_AGGRESSIVE;
				CLANG_CXX_LANGUAGE_STANDARD = "gnu++0x";
				CLANG_CXX_LIBRARY = "libc++";
				CLANG_ENABLE_MODULES = YES;
				CLANG_ENABLE_OBJC_ARC = YES;
				CLANG_WARN_BOOL_CONVERSION = YES;
				CLANG_WARN_CONSTANT_CONVERSION = YES;
				CLANG_WARN_DIRECT_OBJC_ISA_USAGE = YES_ERROR;
				CLANG_WARN_DOCUMENTATION_COMMENTS = YES;
				CLANG_WARN_EMPTY_BODY = YES;
				CLANG_WARN_ENUM_CONVERSION = YES;
				CLANG_WARN_INFINITE_RECURSION = YES;
				CLANG_WARN_INT_CONVERSION = YES;
				CLANG_WARN_OBJC_ROOT_CLASS = YES_ERROR;
				CLANG_WARN_SUSPICIOUS_MOVE = YES;
				CLANG_WARN_UNREACHABLE_CODE = YES;
				CLANG_WARN__DUPLICATE_METHOD_MATCH = YES;
				"CODE_SIGN_IDENTITY[sdk=iphoneos*]" = "iPhone Developer";
				COPY_PHASE_STRIP = NO;
				DEBUG_INFORMATION_FORMAT = "dwarf-with-dsym";
				ENABLE_NS_ASSERTIONS = NO;
				ENABLE_STRICT_OBJC_MSGSEND = YES;
				GCC_C_LANGUAGE_STANDARD = gnu99;
				GCC_NO_COMMON_BLOCKS = YES;
				GCC_WARN_64_TO_32_BIT_CONVERSION = YES;
				GCC_WARN_ABOUT_RETURN_TYPE = YES_ERROR;
				GCC_WARN_UNDECLARED_SELECTOR = YES;
				GCC_WARN_UNINITIALIZED_AUTOS = YES_AGGRESSIVE;
				GCC_WARN_UNUSED_FUNCTION = YES;
				GCC_WARN_UNUSED_VARIABLE = YES;
				IPHONEOS_DEPLOYMENT_TARGET = 10.3;
				MTL_ENABLE_DEBUG_INFO = NO;
				SDKROOT = iphoneos;
				SWIFT_OPTIMIZATION_LEVEL = "-Owholemodule";
				TARGETED_DEVICE_FAMILY = "1,2";
				VALIDATE_PRODUCT = YES;
			};
			name = Release;
		};
		270035191E902984008A0C0A /* Debug */ = {
			isa = XCBuildConfiguration;
			baseConfigurationReference = 11C7C1BE46C034F3FE541584 /* Pods-Flicks.debug.xcconfig */;
			buildSettings = {
				ASSETCATALOG_COMPILER_APPICON_NAME = AppIcon;
				INFOPLIST_FILE = Flicks/Info.plist;
				LD_RUNPATH_SEARCH_PATHS = "$(inherited) @executable_path/Frameworks";
				PRODUCT_BUNDLE_IDENTIFIER = com.github.lerocha.Flicks;
				PRODUCT_NAME = "$(TARGET_NAME)";
				SWIFT_VERSION = 3.0;
			};
			name = Debug;
		};
		2700351A1E902984008A0C0A /* Release */ = {
			isa = XCBuildConfiguration;
			baseConfigurationReference = 7635DD6465982C8A7E3B8A86 /* Pods-Flicks.release.xcconfig */;
			buildSettings = {
				ASSETCATALOG_COMPILER_APPICON_NAME = AppIcon;
				INFOPLIST_FILE = Flicks/Info.plist;
				LD_RUNPATH_SEARCH_PATHS = "$(inherited) @executable_path/Frameworks";
				PRODUCT_BUNDLE_IDENTIFIER = com.github.lerocha.Flicks;
				PRODUCT_NAME = "$(TARGET_NAME)";
				SWIFT_VERSION = 3.0;
			};
			name = Release;
		};
/* End XCBuildConfiguration section */

/* Begin XCConfigurationList section */
		270035011E902984008A0C0A /* Build configuration list for PBXProject "Flicks" */ = {
			isa = XCConfigurationList;
			buildConfigurations = (
				270035161E902984008A0C0A /* Debug */,
				270035171E902984008A0C0A /* Release */,
			);
			defaultConfigurationIsVisible = 0;
			defaultConfigurationName = Release;
		};
		270035181E902984008A0C0A /* Build configuration list for PBXNativeTarget "Flicks" */ = {
			isa = XCConfigurationList;
			buildConfigurations = (
				270035191E902984008A0C0A /* Debug */,
				2700351A1E902984008A0C0A /* Release */,
			);
			defaultConfigurationIsVisible = 0;
			defaultConfigurationName = Release;
		};
/* End XCConfigurationList section */
	};
	rootObject = 270034FE1E902984008A0C0A /* Project object */;
}
